PODS:
  - Alamofire (5.8.0)
  - Reachability (3.2)
  - Realm (10.43.0):
    - Realm/Headers (= 10.43.0)
  - Realm/Headers (10.43.0)
  - RealmSwift (10.43.0):
    - Realm (= 10.43.0)
  - SnapKit (5.6.0)

DEPENDENCIES:
  - Alamofire
  - Reachability
  - RealmSwift
  - SnapKit

SPEC REPOS:
  trunk:
    - Alamofire
    - Reachability
    - Realm
    - RealmSwift
    - SnapKit

SPEC CHECKSUMS:
  Alamofire: 0e92e751b3e9e66d7982db43919d01f313b8eb91
  Reachability: 33e18b67625424e47b6cde6d202dce689ad7af96
  Realm: fc65bea3f5c3da2ecdc76324f180e054e7cf4eb0
  RealmSwift: a7d48361c585769690c175428cc2bf15e1074444
  SnapKit: e01d52ebb8ddbc333eefe2132acf85c8227d9c25

PODFILE CHECKSUM: 9b4f2c3d3689dc7fa83aa38b8b5d97ca7facb3e3

COCOAPODS: 1.12.0
